
Microsoft Visual Studio Solution File, Format Version 12.00
# Visual Studio Version 17
VisualStudioVersion = 17.8.34316.72
MinimumVisualStudioVersion = 10.0.40219.1
Project("{8BC9CEB8-8B4A-11D0-8D11-00A0C91BC942}") = "LR_1", "LR_1\LR_1.vcxproj", "{6229DEBD-DA0A-4136-8E59-0BD218A76ABC}"
	ProjectSection(ProjectDependencies) = postProject
		{07EA89C8-7F1E-4F33-AB96-3CE6F178DDEE} = {07EA89C8-7F1E-4F33-AB96-3CE6F178DDEE}
	EndProjectSection
EndProject
Project("{8BC9CEB8-8B4A-11D0-8D11-00A0C91BC942}") = "LR_2", "LR_2\LR_2.vcxproj", "{07EA89C8-7F1E-4F33-AB96-3CE6F178DDEE}"
EndProject
Project("{8BC9CEB8-8B4A-11D0-8D11-00A0C91BC942}") = "LR_3", "LR_3_entrys\LR_3\LR_3\LR_3.vcxproj", "{879F0F09-74E7-4A78-B811-10366B7A8F3C}"
EndProject
Project("{8BC9CEB8-8B4A-11D0-8D11-00A0C91BC942}") = "LR_3_App", "LR_3_entrys\LR_3\LR_3_App\LR_3_App.vcxproj", "{5510295E-B2FF-40C6-B187-38C96981F3DD}"
EndProject
Project("{2150E333-8FDC-42A3-9474-1A3956D46DE8}") = "LR_3", "LR_3", "{FFAF2ECC-7078-4DF8-B68D-5F5A00F10927}"
EndProject
Project("{8BC9CEB8-8B4A-11D0-8D11-00A0C91BC942}") = "LR_4", "LR_4_entrys\LR_4\LR_4.vcxproj", "{CFCBEF5F-137E-4069-A74E-C583CAE7F60C}"
EndProject
Project("{8BC9CEB8-8B4A-11D0-8D11-00A0C91BC942}") = "ProcessInfoGetter", "LR_4_entrys\ProcessInfoGetter\ProcessInfoGetter.vcxproj", "{36FB0D5E-E396-4C26-98D3-2AF9A0C0FC70}"
EndProject
Project("{2150E333-8FDC-42A3-9474-1A3956D46DE8}") = "LR_4", "LR_4", "{6342E759-70E4-4E2D-86CB-9153339CA7C6}"
EndProject
Project("{8BC9CEB8-8B4A-11D0-8D11-00A0C91BC942}") = "RowSumCalculator", "LR_4_entrys\RowSumCalculator\RowSumCalculator.vcxproj", "{020EB54A-BDD8-49C6-B186-6C31F646E0BC}"
EndProject
Project("{8BC9CEB8-8B4A-11D0-8D11-00A0C91BC942}") = "LR_5", "LR_5\LR_5.vcxproj", "{E7A033C9-ED75-4C32-8493-16572C07268F}"
EndProject
Global
	GlobalSection(SolutionConfigurationPlatforms) = preSolution
		Debug|x64 = Debug|x64
		Debug|x86 = Debug|x86
		Release|x64 = Release|x64
		Release|x86 = Release|x86
	EndGlobalSection
	GlobalSection(ProjectConfigurationPlatforms) = postSolution
		{6229DEBD-DA0A-4136-8E59-0BD218A76ABC}.Debug|x64.ActiveCfg = Debug|x64
		{6229DEBD-DA0A-4136-8E59-0BD218A76ABC}.Debug|x64.Build.0 = Debug|x64
		{6229DEBD-DA0A-4136-8E59-0BD218A76ABC}.Debug|x86.ActiveCfg = Debug|Win32
		{6229DEBD-DA0A-4136-8E59-0BD218A76ABC}.Debug|x86.Build.0 = Debug|Win32
		{6229DEBD-DA0A-4136-8E59-0BD218A76ABC}.Release|x64.ActiveCfg = Release|x64
		{6229DEBD-DA0A-4136-8E59-0BD218A76ABC}.Release|x64.Build.0 = Release|x64
		{6229DEBD-DA0A-4136-8E59-0BD218A76ABC}.Release|x86.ActiveCfg = Release|Win32
		{6229DEBD-DA0A-4136-8E59-0BD218A76ABC}.Release|x86.Build.0 = Release|Win32
		{07EA89C8-7F1E-4F33-AB96-3CE6F178DDEE}.Debug|x64.ActiveCfg = Debug|x64
		{07EA89C8-7F1E-4F33-AB96-3CE6F178DDEE}.Debug|x64.Build.0 = Debug|x64
		{07EA89C8-7F1E-4F33-AB96-3CE6F178DDEE}.Debug|x86.ActiveCfg = Debug|Win32
		{07EA89C8-7F1E-4F33-AB96-3CE6F178DDEE}.Debug|x86.Build.0 = Debug|Win32
		{07EA89C8-7F1E-4F33-AB96-3CE6F178DDEE}.Release|x64.ActiveCfg = Release|x64
		{07EA89C8-7F1E-4F33-AB96-3CE6F178DDEE}.Release|x64.Build.0 = Release|x64
		{07EA89C8-7F1E-4F33-AB96-3CE6F178DDEE}.Release|x86.ActiveCfg = Release|Win32
		{07EA89C8-7F1E-4F33-AB96-3CE6F178DDEE}.Release|x86.Build.0 = Release|Win32
		{879F0F09-74E7-4A78-B811-10366B7A8F3C}.Debug|x64.ActiveCfg = Debug|x64
		{879F0F09-74E7-4A78-B811-10366B7A8F3C}.Debug|x64.Build.0 = Debug|x64
		{879F0F09-74E7-4A78-B811-10366B7A8F3C}.Debug|x86.ActiveCfg = Debug|Win32
		{879F0F09-74E7-4A78-B811-10366B7A8F3C}.Debug|x86.Build.0 = Debug|Win32
		{879F0F09-74E7-4A78-B811-10366B7A8F3C}.Release|x64.ActiveCfg = Release|x64
		{879F0F09-74E7-4A78-B811-10366B7A8F3C}.Release|x64.Build.0 = Release|x64
		{879F0F09-74E7-4A78-B811-10366B7A8F3C}.Release|x86.ActiveCfg = Release|Win32
		{879F0F09-74E7-4A78-B811-10366B7A8F3C}.Release|x86.Build.0 = Release|Win32
		{5510295E-B2FF-40C6-B187-38C96981F3DD}.Debug|x64.ActiveCfg = Debug|x64
		{5510295E-B2FF-40C6-B187-38C96981F3DD}.Debug|x64.Build.0 = Debug|x64
		{5510295E-B2FF-40C6-B187-38C96981F3DD}.Debug|x86.ActiveCfg = Debug|Win32
		{5510295E-B2FF-40C6-B187-38C96981F3DD}.Debug|x86.Build.0 = Debug|Win32
		{5510295E-B2FF-40C6-B187-38C96981F3DD}.Release|x64.ActiveCfg = Release|x64
		{5510295E-B2FF-40C6-B187-38C96981F3DD}.Release|x64.Build.0 = Release|x64
		{5510295E-B2FF-40C6-B187-38C96981F3DD}.Release|x86.ActiveCfg = Release|Win32
		{5510295E-B2FF-40C6-B187-38C96981F3DD}.Release|x86.Build.0 = Release|Win32
		{CFCBEF5F-137E-4069-A74E-C583CAE7F60C}.Debug|x64.ActiveCfg = Debug|x64
		{CFCBEF5F-137E-4069-A74E-C583CAE7F60C}.Debug|x64.Build.0 = Debug|x64
		{CFCBEF5F-137E-4069-A74E-C583CAE7F60C}.Debug|x86.ActiveCfg = Debug|Win32
		{CFCBEF5F-137E-4069-A74E-C583CAE7F60C}.Debug|x86.Build.0 = Debug|Win32
		{CFCBEF5F-137E-4069-A74E-C583CAE7F60C}.Release|x64.ActiveCfg = Release|x64
		{CFCBEF5F-137E-4069-A74E-C583CAE7F60C}.Release|x64.Build.0 = Release|x64
		{CFCBEF5F-137E-4069-A74E-C583CAE7F60C}.Release|x86.ActiveCfg = Release|Win32
		{CFCBEF5F-137E-4069-A74E-C583CAE7F60C}.Release|x86.Build.0 = Release|Win32
		{36FB0D5E-E396-4C26-98D3-2AF9A0C0FC70}.Debug|x64.ActiveCfg = Debug|x64
		{36FB0D5E-E396-4C26-98D3-2AF9A0C0FC70}.Debug|x64.Build.0 = Debug|x64
		{36FB0D5E-E396-4C26-98D3-2AF9A0C0FC70}.Debug|x86.ActiveCfg = Debug|Win32
		{36FB0D5E-E396-4C26-98D3-2AF9A0C0FC70}.Debug|x86.Build.0 = Debug|Win32
		{36FB0D5E-E396-4C26-98D3-2AF9A0C0FC70}.Release|x64.ActiveCfg = Release|x64
		{36FB0D5E-E396-4C26-98D3-2AF9A0C0FC70}.Release|x64.Build.0 = Release|x64
		{36FB0D5E-E396-4C26-98D3-2AF9A0C0FC70}.Release|x86.ActiveCfg = Release|Win32
		{36FB0D5E-E396-4C26-98D3-2AF9A0C0FC70}.Release|x86.Build.0 = Release|Win32
		{020EB54A-BDD8-49C6-B186-6C31F646E0BC}.Debug|x64.ActiveCfg = Debug|x64
		{020EB54A-BDD8-49C6-B186-6C31F646E0BC}.Debug|x64.Build.0 = Debug|x64
		{020EB54A-BDD8-49C6-B186-6C31F646E0BC}.Debug|x86.ActiveCfg = Debug|Win32
		{020EB54A-BDD8-49C6-B186-6C31F646E0BC}.Debug|x86.Build.0 = Debug|Win32
		{020EB54A-BDD8-49C6-B186-6C31F646E0BC}.Release|x64.ActiveCfg = Release|x64
		{020EB54A-BDD8-49C6-B186-6C31F646E0BC}.Release|x64.Build.0 = Release|x64
		{020EB54A-BDD8-49C6-B186-6C31F646E0BC}.Release|x86.ActiveCfg = Release|Win32
		{020EB54A-BDD8-49C6-B186-6C31F646E0BC}.Release|x86.Build.0 = Release|Win32
		{E7A033C9-ED75-4C32-8493-16572C07268F}.Debug|x64.ActiveCfg = Debug|x64
		{E7A033C9-ED75-4C32-8493-16572C07268F}.Debug|x64.Build.0 = Debug|x64
		{E7A033C9-ED75-4C32-8493-16572C07268F}.Debug|x86.ActiveCfg = Debug|Win32
		{E7A033C9-ED75-4C32-8493-16572C07268F}.Debug|x86.Build.0 = Debug|Win32
		{E7A033C9-ED75-4C32-8493-16572C07268F}.Release|x64.ActiveCfg = Release|x64
		{E7A033C9-ED75-4C32-8493-16572C07268F}.Release|x64.Build.0 = Release|x64
		{E7A033C9-ED75-4C32-8493-16572C07268F}.Release|x86.ActiveCfg = Release|Win32
		{E7A033C9-ED75-4C32-8493-16572C07268F}.Release|x86.Build.0 = Release|Win32
	EndGlobalSection
	GlobalSection(SolutionProperties) = preSolution
		HideSolutionNode = FALSE
	EndGlobalSection
	GlobalSection(NestedProjects) = preSolution
		{879F0F09-74E7-4A78-B811-10366B7A8F3C} = {FFAF2ECC-7078-4DF8-B68D-5F5A00F10927}
		{5510295E-B2FF-40C6-B187-38C96981F3DD} = {FFAF2ECC-7078-4DF8-B68D-5F5A00F10927}
		{CFCBEF5F-137E-4069-A74E-C583CAE7F60C} = {6342E759-70E4-4E2D-86CB-9153339CA7C6}
		{36FB0D5E-E396-4C26-98D3-2AF9A0C0FC70} = {6342E759-70E4-4E2D-86CB-9153339CA7C6}
		{020EB54A-BDD8-49C6-B186-6C31F646E0BC} = {6342E759-70E4-4E2D-86CB-9153339CA7C6}
	EndGlobalSection
	GlobalSection(ExtensibilityGlobals) = postSolution
		SolutionGuid = {29732A28-40AE-41EA-8A2B-CD7FEEA957FA}
	EndGlobalSection
EndGlobal
